
Microsoft Visual Studio Solution File, Format Version 12.00
# Visual Studio 15
VisualStudioVersion = 15.0.28010.2026
MinimumVisualStudioVersion = 10.0.40219.1
Project("{FAE04EC0-301F-11D3-BF4B-00C04F79EFBC}") = "WindowsFormsExterminator", "WindowsFormsExterminator\WindowsFormsExterminator.csproj", "{EA37AEEF-93D3-4D0F-9C58-FB0773C7E220}"
EndProject
Global
	GlobalSection(SolutionConfigurationPlatforms) = preSolution
		Debug|Any CPU = Debug|Any CPU
		Release|Any CPU = Release|Any CPU
	EndGlobalSection
	GlobalSection(ProjectConfigurationPlatforms) = postSolution
		{EA37AEEF-93D3-4D0F-9C58-FB0773C7E220}.Debug|Any CPU.ActiveCfg = Debug|Any CPU
		{EA37AEEF-93D3-4D0F-9C58-FB0773C7E220}.Debug|Any CPU.Build.0 = Debug|Any CPU
		{EA37AEEF-93D3-4D0F-9C58-FB0773C7E220}.Release|Any CPU.ActiveCfg = Release|Any CPU
		{EA37AEEF-93D3-4D0F-9C58-FB0773C7E220}.Release|Any CPU.Build.0 = Release|Any CPU
	EndGlobalSection
	GlobalSection(SolutionProperties) = preSolution
		HideSolutionNode = FALSE
	EndGlobalSection
	GlobalSection(ExtensibilityGlobals) = postSolution
		SolutionGuid = {73C55949-FB45-4F89-8A30-4196413A4FE1}
	EndGlobalSection
EndGlobal
